// !$*UTF8*$!
{
	archiveVersion = 1;
	classes = {
	};
	objectVersion = 55;
	objects = {

/* Begin PBXBuildFile section */
		9D2C935528853A2A00DE5F4C /* PlayerTableViewCell.m in Sources */ = {isa = PBXBuildFile; fileRef = 9D2C935328853A2A00DE5F4C /* PlayerTableViewCell.m */; };
		9D2C935628853A2A00DE5F4C /* PlayerTableViewCell.xib in Resources */ = {isa = PBXBuildFile; fileRef = 9D2C935428853A2A00DE5F4C /* PlayerTableViewCell.xib */; };
		9D2C937D28867FA000DE5F4C /* PlayerHeaderView.m in Sources */ = {isa = PBXBuildFile; fileRef = 9D2C937C28867FA000DE5F4C /* PlayerHeaderView.m */; };
		9D2C93812887DC2800DE5F4C /* RadioItem.m in Sources */ = {isa = PBXBuildFile; fileRef = 9D2C93802887DC2800DE5F4C /* RadioItem.m */; };
		9D2C9384288807AD00DE5F4C /* CategoryTool.m in Sources */ = {isa = PBXBuildFile; fileRef = 9D2C9383288807AD00DE5F4C /* CategoryTool.m */; };
		9D2C93862888284B00DE5F4C /* AVFoundation.framework in Frameworks */ = {isa = PBXBuildFile; fileRef = 9D2C93852888284B00DE5F4C /* AVFoundation.framework */; };
		9DA0A485288146E400F67E53 /* AppDelegate.m in Sources */ = {isa = PBXBuildFile; fileRef = 9DA0A484288146E400F67E53 /* AppDelegate.m */; };
		9DA0A48B288146E400F67E53 /* ViewController.m in Sources */ = {isa = PBXBuildFile; fileRef = 9DA0A48A288146E400F67E53 /* ViewController.m */; };
		9DA0A490288146E600F67E53 /* Assets.xcassets in Resources */ = {isa = PBXBuildFile; fileRef = 9DA0A48F288146E600F67E53 /* Assets.xcassets */; };
		9DA0A493288146E600F67E53 /* LaunchScreen.storyboard in Resources */ = {isa = PBXBuildFile; fileRef = 9DA0A491288146E600F67E53 /* LaunchScreen.storyboard */; };
		9DA0A496288146E600F67E53 /* main.m in Sources */ = {isa = PBXBuildFile; fileRef = 9DA0A495288146E600F67E53 /* main.m */; };
		9DA0A49E288146FF00F67E53 /* SafariServices.framework in Frameworks */ = {isa = PBXBuildFile; fileRef = 9DA0A49D288146FF00F67E53 /* SafariServices.framework */; };
		9DA0A4A02881810100F67E53 /* WebKit.framework in Frameworks */ = {isa = PBXBuildFile; fileRef = 9DA0A49F2881810100F67E53 /* WebKit.framework */; };
		D7240B4A39F3FDE0B329DD1F /* Pods_JiTingPlayerOC.framework in Frameworks */ = {isa = PBXBuildFile; fileRef = E41D797EEDA5AA4680A15380 /* Pods_JiTingPlayerOC.framework */; };
/* End PBXBuildFile section */

/* Begin PBXFileReference section */
		822162DFBCFEA4F0C549D705 /* Pods-JiTingPlayerOC.release.xcconfig */ = {isa = PBXFileReference; includeInIndex = 1; lastKnownFileType = text.xcconfig; name = "Pods-JiTingPlayerOC.release.xcconfig"; path = "Target Support Files/Pods-JiTingPlayerOC/Pods-JiTingPlayerOC.release.xcconfig"; sourceTree = "<group>"; };
		94CE3DDB3AD90D3CA308A274 /* Pods-JiTingPlayerOC.debug.xcconfig */ = {isa = PBXFileReference; includeInIndex = 1; lastKnownFileType = text.xcconfig; name = "Pods-JiTingPlayerOC.debug.xcconfig"; path = "Target Support Files/Pods-JiTingPlayerOC/Pods-JiTingPlayerOC.debug.xcconfig"; sourceTree = "<group>"; };
		9D2C935228853A2A00DE5F4C /* PlayerTableViewCell.h */ = {isa = PBXFileReference; lastKnownFileType = sourcecode.c.h; path = PlayerTableViewCell.h; sourceTree = "<group>"; };
		9D2C935328853A2A00DE5F4C /* PlayerTableViewCell.m */ = {isa = PBXFileReference; lastKnownFileType = sourcecode.c.objc; path = PlayerTableViewCell.m; sourceTree = "<group>"; };
		9D2C935428853A2A00DE5F4C /* PlayerTableViewCell.xib */ = {isa = PBXFileReference; lastKnownFileType = file.xib; path = PlayerTableViewCell.xib; sourceTree = "<group>"; };
		9D2C937B28867FA000DE5F4C /* PlayerHeaderView.h */ = {isa = PBXFileReference; lastKnownFileType = sourcecode.c.h; path = PlayerHeaderView.h; sourceTree = "<group>"; };
		9D2C937C28867FA000DE5F4C /* PlayerHeaderView.m */ = {isa = PBXFileReference; lastKnownFileType = sourcecode.c.objc; path = PlayerHeaderView.m; sourceTree = "<group>"; };
		9D2C937F2887DC2800DE5F4C /* RadioItem.h */ = {isa = PBXFileReference; lastKnownFileType = sourcecode.c.h; path = RadioItem.h; sourceTree = "<group>"; };
		9D2C93802887DC2800DE5F4C /* RadioItem.m */ = {isa = PBXFileReference; lastKnownFileType = sourcecode.c.objc; path = RadioItem.m; sourceTree = "<group>"; };
		9D2C9382288807AD00DE5F4C /* CategoryTool.h */ = {isa = PBXFileReference; lastKnownFileType = sourcecode.c.h; path = CategoryTool.h; sourceTree = "<group>"; };
		9D2C9383288807AD00DE5F4C /* CategoryTool.m */ = {isa = PBXFileReference; lastKnownFileType = sourcecode.c.objc; path = CategoryTool.m; sourceTree = "<group>"; };
		9D2C93852888284B00DE5F4C /* AVFoundation.framework */ = {isa = PBXFileReference; lastKnownFileType = wrapper.framework; name = AVFoundation.framework; path = System/Library/Frameworks/AVFoundation.framework; sourceTree = SDKROOT; };
		9DA0A480288146E400F67E53 /* JiTingPlayerOC.app */ = {isa = PBXFileReference; explicitFileType = wrapper.application; includeInIndex = 0; path = JiTingPlayerOC.app; sourceTree = BUILT_PRODUCTS_DIR; };
		9DA0A483288146E400F67E53 /* AppDelegate.h */ = {isa = PBXFileReference; lastKnownFileType = sourcecode.c.h; path = AppDelegate.h; sourceTree = "<group>"; };
		9DA0A484288146E400F67E53 /* AppDelegate.m */ = {isa = PBXFileReference; lastKnownFileType = sourcecode.c.objc; path = AppDelegate.m; sourceTree = "<group>"; };
		9DA0A489288146E400F67E53 /* ViewController.h */ = {isa = PBXFileReference; lastKnownFileType = sourcecode.c.h; path = ViewController.h; sourceTree = "<group>"; };
		9DA0A48A288146E400F67E53 /* ViewController.m */ = {isa = PBXFileReference; lastKnownFileType = sourcecode.c.objc; path = ViewController.m; sourceTree = "<group>"; };
		9DA0A48F288146E600F67E53 /* Assets.xcassets */ = {isa = PBXFileReference; lastKnownFileType = folder.assetcatalog; path = Assets.xcassets; sourceTree = "<group>"; };
		9DA0A492288146E600F67E53 /* Base */ = {isa = PBXFileReference; lastKnownFileType = file.storyboard; name = Base; path = Base.lproj/LaunchScreen.storyboard; sourceTree = "<group>"; };
		9DA0A494288146E600F67E53 /* Info.plist */ = {isa = PBXFileReference; lastKnownFileType = text.plist.xml; path = Info.plist; sourceTree = "<group>"; };
		9DA0A495288146E600F67E53 /* main.m */ = {isa = PBXFileReference; lastKnownFileType = sourcecode.c.objc; path = main.m; sourceTree = "<group>"; };
		9DA0A49D288146FF00F67E53 /* SafariServices.framework */ = {isa = PBXFileReference; lastKnownFileType = wrapper.framework; name = SafariServices.framework; path = System/Library/Frameworks/SafariServices.framework; sourceTree = SDKROOT; };
		9DA0A49F2881810100F67E53 /* WebKit.framework */ = {isa = PBXFileReference; lastKnownFileType = wrapper.framework; name = WebKit.framework; path = System/Library/Frameworks/WebKit.framework; sourceTree = SDKROOT; };
		E41D797EEDA5AA4680A15380 /* Pods_JiTingPlayerOC.framework */ = {isa = PBXFileReference; explicitFileType = wrapper.framework; includeInIndex = 0; path = Pods_JiTingPlayerOC.framework; sourceTree = BUILT_PRODUCTS_DIR; };
/* End PBXFileReference section */

/* Begin PBXFrameworksBuildPhase section */
		9DA0A47D288146E400F67E53 /* Frameworks */ = {
			isa = PBXFrameworksBuildPhase;
			buildActionMask = 2147483647;
			files = (
				9D2C93862888284B00DE5F4C /* AVFoundation.framework in Frameworks */,
				9DA0A4A02881810100F67E53 /* WebKit.framework in Frameworks */,
				9DA0A49E288146FF00F67E53 /* SafariServices.framework in Frameworks */,
				D7240B4A39F3FDE0B329DD1F /* Pods_JiTingPlayerOC.framework in Frameworks */,
			);
			runOnlyForDeploymentPostprocessing = 0;
		};
/* End PBXFrameworksBuildPhase section */

/* Begin PBXGroup section */
		7188339CBE67674674FBA42E /* Pods */ = {
			isa = PBXGroup;
			children = (
				94CE3DDB3AD90D3CA308A274 /* Pods-JiTingPlayerOC.debug.xcconfig */,
				822162DFBCFEA4F0C549D705 /* Pods-JiTingPlayerOC.release.xcconfig */,
			);
			path = Pods;
			sourceTree = "<group>";
		};
		9DA0A477288146E400F67E53 = {
			isa = PBXGroup;
			children = (
				9DA0A482288146E400F67E53 /* JiTingPlayerOC */,
				9DA0A481288146E400F67E53 /* Products */,
				9DA0A49C288146FF00F67E53 /* Frameworks */,
				7188339CBE67674674FBA42E /* Pods */,
			);
			sourceTree = "<group>";
		};
		9DA0A481288146E400F67E53 /* Products */ = {
			isa = PBXGroup;
			children = (
				9DA0A480288146E400F67E53 /* JiTingPlayerOC.app */,
			);
			name = Products;
			sourceTree = "<group>";
		};
		9DA0A482288146E400F67E53 /* JiTingPlayerOC */ = {
			isa = PBXGroup;
			children = (
				9DA0A483288146E400F67E53 /* AppDelegate.h */,
				9DA0A484288146E400F67E53 /* AppDelegate.m */,
				9DA0A48F288146E600F67E53 /* Assets.xcassets */,
				9D2C9382288807AD00DE5F4C /* CategoryTool.h */,
				9D2C9383288807AD00DE5F4C /* CategoryTool.m */,
				9DA0A494288146E600F67E53 /* Info.plist */,
				9DA0A491288146E600F67E53 /* LaunchScreen.storyboard */,
				9DA0A495288146E600F67E53 /* main.m */,
				9D2C937B28867FA000DE5F4C /* PlayerHeaderView.h */,
				9D2C937C28867FA000DE5F4C /* PlayerHeaderView.m */,
				9D2C935228853A2A00DE5F4C /* PlayerTableViewCell.h */,
				9D2C935328853A2A00DE5F4C /* PlayerTableViewCell.m */,
				9D2C935428853A2A00DE5F4C /* PlayerTableViewCell.xib */,
				9D2C937F2887DC2800DE5F4C /* RadioItem.h */,
				9D2C93802887DC2800DE5F4C /* RadioItem.m */,
				9DA0A489288146E400F67E53 /* ViewController.h */,
				9DA0A48A288146E400F67E53 /* ViewController.m */,
			);
			path = JiTingPlayerOC;
			sourceTree = "<group>";
		};
		9DA0A49C288146FF00F67E53 /* Frameworks */ = {
			isa = PBXGroup;
			children = (
				9D2C93852888284B00DE5F4C /* AVFoundation.framework */,
				9DA0A49F2881810100F67E53 /* WebKit.framework */,
				9DA0A49D288146FF00F67E53 /* SafariServices.framework */,
				E41D797EEDA5AA4680A15380 /* Pods_JiTingPlayerOC.framework */,
			);
			name = Frameworks;
			sourceTree = "<group>";
		};
/* End PBXGroup section */

/* Begin PBXNativeTarget section */
		9DA0A47F288146E400F67E53 /* JiTingPlayerOC */ = {
			isa = PBXNativeTarget;
			buildConfigurationList = 9DA0A499288146E600F67E53 /* Build configuration list for PBXNativeTarget "JiTingPlayerOC" */;
			buildPhases = (
				481CBB6DC22E510073C941ED /* [CP] Check Pods Manifest.lock */,
				9DA0A47C288146E400F67E53 /* Sources */,
				9DA0A47D288146E400F67E53 /* Frameworks */,
				9DA0A47E288146E400F67E53 /* Resources */,
				F517B4F0C64EF1C79B290CF7 /* [CP] Embed Pods Frameworks */,
			);
			buildRules = (
			);
			dependencies = (
			);
			name = JiTingPlayerOC;
			productName = JiTingPlayerOC;
			productReference = 9DA0A480288146E400F67E53 /* JiTingPlayerOC.app */;
			productType = "com.apple.product-type.application";
		};
/* End PBXNativeTarget section */

/* Begin PBXProject section */
		9DA0A478288146E400F67E53 /* Project object */ = {
			isa = PBXProject;
			attributes = {
				BuildIndependentTargetsInParallel = 1;
				LastUpgradeCheck = 1340;
				TargetAttributes = {
					9DA0A47F288146E400F67E53 = {
						CreatedOnToolsVersion = 13.4.1;
					};
				};
			};
			buildConfigurationList = 9DA0A47B288146E400F67E53 /* Build configuration list for PBXProject "JiTingPlayerOC" */;
			compatibilityVersion = "Xcode 13.0";
			developmentRegion = en;
			hasScannedForEncodings = 0;
			knownRegions = (
				en,
				Base,
			);
			mainGroup = 9DA0A477288146E400F67E53;
			productRefGroup = 9DA0A481288146E400F67E53 /* Products */;
			projectDirPath = "";
			projectRoot = "";
			targets = (
				9DA0A47F288146E400F67E53 /* JiTingPlayerOC */,
			);
		};
/* End PBXProject section */

/* Begin PBXResourcesBuildPhase section */
		9DA0A47E288146E400F67E53 /* Resources */ = {
			isa = PBXResourcesBuildPhase;
			buildActionMask = 2147483647;
			files = (
				9DA0A493288146E600F67E53 /* LaunchScreen.storyboard in Resources */,
				9DA0A490288146E600F67E53 /* Assets.xcassets in Resources */,
				9D2C935628853A2A00DE5F4C /* PlayerTableViewCell.xib in Resources */,
			);
			runOnlyForDeploymentPostprocessing = 0;
		};
/* End PBXResourcesBuildPhase section */

/* Begin PBXShellScriptBuildPhase section */
		481CBB6DC22E510073C941ED /* [CP] Check Pods Manifest.lock */ = {
			isa = PBXShellScriptBuildPhase;
			buildActionMask = 2147483647;
			files = (
			);
			inputFileListPaths = (
			);
			inputPaths = (
				"${PODS_PODFILE_DIR_PATH}/Podfile.lock",
				"${PODS_ROOT}/Manifest.lock",
			);
			name = "[CP] Check Pods Manifest.lock";
			outputFileListPaths = (
			);
			outputPaths = (
				"$(DERIVED_FILE_DIR)/Pods-JiTingPlayerOC-checkManifestLockResult.txt",
			);
			runOnlyForDeploymentPostprocessing = 0;
			shellPath = /bin/sh;
			shellScript = "diff \"${PODS_PODFILE_DIR_PATH}/Podfile.lock\" \"${PODS_ROOT}/Manifest.lock\" > /dev/null\nif [ $? != 0 ] ; then\n    # print error to STDERR\n    echo \"error: The sandbox is not in sync with the Podfile.lock. Run 'pod install' or update your CocoaPods installation.\" >&2\n    exit 1\nfi\n# This output is used by Xcode 'outputs' to avoid re-running this script phase.\necho \"SUCCESS\" > \"${SCRIPT_OUTPUT_FILE_0}\"\n";
			showEnvVarsInLog = 0;
		};
		F517B4F0C64EF1C79B290CF7 /* [CP] Embed Pods Frameworks */ = {
			isa = PBXShellScriptBuildPhase;
			buildActionMask = 2147483647;
			files = (
			);
			inputFileListPaths = (
				"${PODS_ROOT}/Target Support Files/Pods-JiTingPlayerOC/Pods-JiTingPlayerOC-frameworks-${CONFIGURATION}-input-files.xcfilelist",
			);
			name = "[CP] Embed Pods Frameworks";
			outputFileListPaths = (
				"${PODS_ROOT}/Target Support Files/Pods-JiTingPlayerOC/Pods-JiTingPlayerOC-frameworks-${CONFIGURATION}-output-files.xcfilelist",
			);
			runOnlyForDeploymentPostprocessing = 0;
			shellPath = /bin/sh;
			shellScript = "\"${PODS_ROOT}/Target Support Files/Pods-JiTingPlayerOC/Pods-JiTingPlayerOC-frameworks.sh\"\n";
			showEnvVarsInLog = 0;
		};
/* End PBXShellScriptBuildPhase section */

/* Begin PBXSourcesBuildPhase section */
		9DA0A47C288146E400F67E53 /* Sources */ = {
			isa = PBXSourcesBuildPhase;
			buildActionMask = 2147483647;
			files = (
				9D2C935528853A2A00DE5F4C /* PlayerTableViewCell.m in Sources */,
				9DA0A48B288146E400F67E53 /* ViewController.m in Sources */,
				9D2C93812887DC2800DE5F4C /* RadioItem.m in Sources */,
				9DA0A485288146E400F67E53 /* AppDelegate.m in Sources */,
				9DA0A496288146E600F67E53 /* main.m in Sources */,
				9D2C937D28867FA000DE5F4C /* PlayerHeaderView.m in Sources */,
				9D2C9384288807AD00DE5F4C /* CategoryTool.m in Sources */,
			);
			runOnlyForDeploymentPostprocessing = 0;
		};
/* End PBXSourcesBuildPhase section */

/* Begin PBXVariantGroup section */
		9DA0A491288146E600F67E53 /* LaunchScreen.storyboard */ = {
			isa = PBXVariantGroup;
			children = (
				9DA0A492288146E600F67E53 /* Base */,
			);
			name = LaunchScreen.storyboard;
			sourceTree = "<group>";
		};
/* End PBXVariantGroup section */

/* Begin XCBuildConfiguration section */
		9DA0A497288146E600F67E53 /* Debug */ = {
			isa = XCBuildConfiguration;
			buildSettings = {
				ALWAYS_SEARCH_USER_PATHS = NO;
				CLANG_ANALYZER_NONNULL = YES;
				CLANG_ANALYZER_NUMBER_OBJECT_CONVERSION = YES_AGGRESSIVE;
				CLANG_CXX_LANGUAGE_STANDARD = "gnu++17";
				CLANG_ENABLE_MODULES = YES;
				CLANG_ENABLE_OBJC_ARC = YES;
				CLANG_ENABLE_OBJC_WEAK = YES;
				CLANG_WARN_BLOCK_CAPTURE_AUTORELEASING = YES;
				CLANG_WARN_BOOL_CONVERSION = YES;
				CLANG_WARN_COMMA = YES;
				CLANG_WARN_CONSTANT_CONVERSION = YES;
				CLANG_WARN_DEPRECATED_OBJC_IMPLEMENTATIONS = YES;
				CLANG_WARN_DIRECT_OBJC_ISA_USAGE = YES_ERROR;
				CLANG_WARN_DOCUMENTATION_COMMENTS = YES;
				CLANG_WARN_EMPTY_BODY = YES;
				CLANG_WARN_ENUM_CONVERSION = YES;
				CLANG_WARN_INFINITE_RECURSION = YES;
				CLANG_WARN_INT_CONVERSION = YES;
				CLANG_WARN_NON_LITERAL_NULL_CONVERSION = YES;
				CLANG_WARN_OBJC_IMPLICIT_RETAIN_SELF = YES;
				CLANG_WARN_OBJC_LITERAL_CONVERSION = YES;
				CLANG_WARN_OBJC_ROOT_CLASS = YES_ERROR;
				CLANG_WARN_QUOTED_INCLUDE_IN_FRAMEWORK_HEADER = YES;
				CLANG_WARN_RANGE_LOOP_ANALYSIS = YES;
				CLANG_WARN_STRICT_PROTOTYPES = YES;
				CLANG_WARN_SUSPICIOUS_MOVE = YES;
				CLANG_WARN_UNGUARDED_AVAILABILITY = YES_AGGRESSIVE;
				CLANG_WARN_UNREACHABLE_CODE = YES;
				CLANG_WARN__DUPLICATE_METHOD_MATCH = YES;
				COPY_PHASE_STRIP = NO;
				DEBUG_INFORMATION_FORMAT = dwarf;
				ENABLE_STRICT_OBJC_MSGSEND = YES;
				ENABLE_TESTABILITY = YES;
				GCC_C_LANGUAGE_STANDARD = gnu11;
				GCC_DYNAMIC_NO_PIC = NO;
				GCC_NO_COMMON_BLOCKS = YES;
				GCC_OPTIMIZATION_LEVEL = 0;
				GCC_PREPROCESSOR_DEFINITIONS = (
					"DEBUG=1",
					"$(inherited)",
				);
				GCC_WARN_64_TO_32_BIT_CONVERSION = YES;
				GCC_WARN_ABOUT_RETURN_TYPE = YES_ERROR;
				GCC_WARN_UNDECLARED_SELECTOR = YES;
				GCC_WARN_UNINITIALIZED_AUTOS = YES_AGGRESSIVE;
				GCC_WARN_UNUSED_FUNCTION = YES;
				GCC_WARN_UNUSED_VARIABLE = YES;
				IPHONEOS_DEPLOYMENT_TARGET = 15.5;
				MTL_ENABLE_DEBUG_INFO = INCLUDE_SOURCE;
				MTL_FAST_MATH = YES;
				ONLY_ACTIVE_ARCH = YES;
				SDKROOT = iphoneos;
			};
			name = Debug;
		};
		9DA0A498288146E600F67E53 /* Release */ = {
			isa = XCBuildConfiguration;
			buildSettings = {
				ALWAYS_SEARCH_USER_PATHS = NO;
				CLANG_ANALYZER_NONNULL = YES;
				CLANG_ANALYZER_NUMBER_OBJECT_CONVERSION = YES_AGGRESSIVE;
				CLANG_CXX_LANGUAGE_STANDARD = "gnu++17";
				CLANG_ENABLE_MODULES = YES;
				CLANG_ENABLE_OBJC_ARC = YES;
				CLANG_ENABLE_OBJC_WEAK = YES;
				CLANG_WARN_BLOCK_CAPTURE_AUTORELEASING = YES;
				CLANG_WARN_BOOL_CONVERSION = YES;
				CLANG_WARN_COMMA = YES;
				CLANG_WARN_CONSTANT_CONVERSION = YES;
				CLANG_WARN_DEPRECATED_OBJC_IMPLEMENTATIONS = YES;
				CLANG_WARN_DIRECT_OBJC_ISA_USAGE = YES_ERROR;
				CLANG_WARN_DOCUMENTATION_COMMENTS = YES;
				CLANG_WARN_EMPTY_BODY = YES;
				CLANG_WARN_ENUM_CONVERSION = YES;
				CLANG_WARN_INFINITE_RECURSION = YES;
				CLANG_WARN_INT_CONVERSION = YES;
				CLANG_WARN_NON_LITERAL_NULL_CONVERSION = YES;
				CLANG_WARN_OBJC_IMPLICIT_RETAIN_SELF = YES;
				CLANG_WARN_OBJC_LITERAL_CONVERSION = YES;
				CLANG_WARN_OBJC_ROOT_CLASS = YES_ERROR;
				CLANG_WARN_QUOTED_INCLUDE_IN_FRAMEWORK_HEADER = YES;
				CLANG_WARN_RANGE_LOOP_ANALYSIS = YES;
				CLANG_WARN_STRICT_PROTOTYPES = YES;
				CLANG_WARN_SUSPICIOUS_MOVE = YES;
				CLANG_WARN_UNGUARDED_AVAILABILITY = YES_AGGRESSIVE;
				CLANG_WARN_UNREACHABLE_CODE = YES;
				CLANG_WARN__DUPLICATE_METHOD_MATCH = YES;
				COPY_PHASE_STRIP = NO;
				DEBUG_INFORMATION_FORMAT = "dwarf-with-dsym";
				ENABLE_NS_ASSERTIONS = NO;
				ENABLE_STRICT_OBJC_MSGSEND = YES;
				GCC_C_LANGUAGE_STANDARD = gnu11;
				GCC_NO_COMMON_BLOCKS = YES;
				GCC_WARN_64_TO_32_BIT_CONVERSION = YES;
				GCC_WARN_ABOUT_RETURN_TYPE = YES_ERROR;
				GCC_WARN_UNDECLARED_SELECTOR = YES;
				GCC_WARN_UNINITIALIZED_AUTOS = YES_AGGRESSIVE;
				GCC_WARN_UNUSED_FUNCTION = YES;
				GCC_WARN_UNUSED_VARIABLE = YES;
				IPHONEOS_DEPLOYMENT_TARGET = 15.5;
				MTL_ENABLE_DEBUG_INFO = NO;
				MTL_FAST_MATH = YES;
				SDKROOT = iphoneos;
				VALIDATE_PRODUCT = YES;
			};
			name = Release;
		};
		9DA0A49A288146E600F67E53 /* Debug */ = {
			isa = XCBuildConfiguration;
			baseConfigurationReference = 94CE3DDB3AD90D3CA308A274 /* Pods-JiTingPlayerOC.debug.xcconfig */;
			buildSettings = {
				ASSETCATALOG_COMPILER_APPICON_NAME = AppIcon;
				ASSETCATALOG_COMPILER_GLOBAL_ACCENT_COLOR_NAME = AccentColor;
				CODE_SIGN_STYLE = Automatic;
				CURRENT_PROJECT_VERSION = 1;
				DEVELOPMENT_TEAM = KB7B8SQENU;
				GENERATE_INFOPLIST_FILE = YES;
				INFOPLIST_FILE = JiTingPlayerOC/Info.plist;
				INFOPLIST_KEY_UIApplicationSupportsIndirectInputEvents = YES;
				INFOPLIST_KEY_UILaunchStoryboardName = LaunchScreen;
				INFOPLIST_KEY_UISupportedInterfaceOrientations_iPad = "UIInterfaceOrientationPortrait UIInterfaceOrientationPortraitUpsideDown UIInterfaceOrientationLandscapeLeft UIInterfaceOrientationLandscapeRight";
				INFOPLIST_KEY_UISupportedInterfaceOrientations_iPhone = "UIInterfaceOrientationPortrait UIInterfaceOrientationLandscapeLeft UIInterfaceOrientationLandscapeRight";
				INFOPLIST_KEY_UIUserInterfaceStyle = Light;
				LD_RUNPATH_SEARCH_PATHS = (
					"$(inherited)",
					"@executable_path/Frameworks",
				);
				MARKETING_VERSION = 1.0;
				PRODUCT_BUNDLE_IDENTIFIER = com.Lvmama.JiTingPlayerOC;
				PRODUCT_NAME = "$(TARGET_NAME)";
				SWIFT_EMIT_LOC_STRINGS = YES;
				TARGETED_DEVICE_FAMILY = "1,2";
			};
			name = Debug;
		};
		9DA0A49B288146E600F67E53 /* Release */ = {
			isa = XCBuildConfiguration;
			baseConfigurationReference = 822162DFBCFEA4F0C549D705 /* Pods-JiTingPlayerOC.release.xcconfig */;
			buildSettings = {
				ASSETCATALOG_COMPILER_APPICON_NAME = AppIcon;
				ASSETCATALOG_COMPILER_GLOBAL_ACCENT_COLOR_NAME = AccentColor;
				CODE_SIGN_STYLE = Automatic;
				CURRENT_PROJECT_VERSION = 1;
				DEVELOPMENT_TEAM = KB7B8SQENU;
				GENERATE_INFOPLIST_FILE = YES;
				INFOPLIST_FILE = JiTingPlayerOC/Info.plist;
				INFOPLIST_KEY_UIApplicationSupportsIndirectInputEvents = YES;
				INFOPLIST_KEY_UILaunchStoryboardName = LaunchScreen;
				INFOPLIST_KEY_UISupportedInterfaceOrientations_iPad = "UIInterfaceOrientationPortrait UIInterfaceOrientationPortraitUpsideDown UIInterfaceOrientationLandscapeLeft UIInterfaceOrientationLandscapeRight";
				INFOPLIST_KEY_UISupportedInterfaceOrientations_iPhone = "UIInterfaceOrientationPortrait UIInterfaceOrientationLandscapeLeft UIInterfaceOrientationLandscapeRight";
				INFOPLIST_KEY_UIUserInterfaceStyle = Light;
				LD_RUNPATH_SEARCH_PATHS = (
					"$(inherited)",
					"@executable_path/Frameworks",
				);
				MARKETING_VERSION = 1.0;
				PRODUCT_BUNDLE_IDENTIFIER = com.Lvmama.JiTingPlayerOC;
				PRODUCT_NAME = "$(TARGET_NAME)";
				SWIFT_EMIT_LOC_STRINGS = YES;
				TARGETED_DEVICE_FAMILY = "1,2";
			};
			name = Release;
		};
/* End XCBuildConfiguration section */

/* Begin XCConfigurationList section */
		9DA0A47B288146E400F67E53 /* Build configuration list for PBXProject "JiTingPlayerOC" */ = {
			isa = XCConfigurationList;
			buildConfigurations = (
				9DA0A497288146E600F67E53 /* Debug */,
				9DA0A498288146E600F67E53 /* Release */,
			);
			defaultConfigurationIsVisible = 0;
			defaultConfigurationName = Release;
		};
		9DA0A499288146E600F67E53 /* Build configuration list for PBXNativeTarget "JiTingPlayerOC" */ = {
			isa = XCConfigurationList;
			buildConfigurations = (
				9DA0A49A288146E600F67E53 /* Debug */,
				9DA0A49B288146E600F67E53 /* Release */,
			);
			defaultConfigurationIsVisible = 0;
			defaultConfigurationName = Release;
		};
/* End XCConfigurationList section */
	};
	rootObject = 9DA0A478288146E400F67E53 /* Project object */;
}
